Microsoft Visual Studio Solution File, Format Version 12.00
# Visual Studio Version 17
Project("{2150E333-8FDC-42A3-9474-1A3956D46DE8}") = "BuildingBlocks", "BuildingBlocks", "{A1B2C3D4-0001-4000-8000-000000000001}"
EndProject
Project("{2150E333-8FDC-42A3-9474-1A3956D46DE8}") = "Services", "Services", "{A1B2C3D4-0002-4000-8000-000000000002}"
EndProject
Project("{2150E333-8FDC-42A3-9474-1A3956D46DE8}") = "Workers", "Workers", "{A1B2C3D4-0003-4000-8000-000000000003}"
EndProject
Project("{9A19103F-16F7-4668-BE54-9A1E7A4F7556}") = "Contracts", "src\BuildingBlocks\Contracts\Contracts.csproj", "{B1B2C3D4-0001-4000-8000-000000000001}"
EndProject
Project("{9A19103F-16F7-4668-BE54-9A1E7A4F7556}") = "Observability", "src\BuildingBlocks\Observability\Observability.csproj", "{B1B2C3D4-0002-4000-8000-000000000002}"
EndProject
Project("{9A19103F-16F7-4668-BE54-9A1E7A4F7556}") = "Outbox", "src\BuildingBlocks\Outbox\Outbox.csproj", "{B1B2C3D4-0003-4000-8000-000000000003}"
EndProject
Project("{9A19103F-16F7-4668-BE54-9A1E7A4F7556}") = "Http", "src\BuildingBlocks\Http\Http.csproj", "{B1B2C3D4-0004-4000-8000-000000000004}"
EndProject
Project("{9A19103F-16F7-4668-BE54-9A1E7A4F7556}") = "Transfer.Orchestrator", "src\Transfer.Orchestrator\Transfer.Orchestrator.csproj", "{C1B2C3D4-0001-4000-8000-000000000001}"
EndProject
Project("{9A19103F-16F7-4668-BE54-9A1E7A4F7556}") = "Rails.Nigeria", "src\Rails.Nigeria\Rails.Nigeria.csproj", "{C1B2C3D4-0002-4000-8000-000000000002}"
EndProject
Project("{9A19103F-16F7-4668-BE54-9A1E7A4F7556}") = "Rails.UnitedStates", "src\Rails.UnitedStates\Rails.UnitedStates.csproj", "{C1B2C3D4-0003-4000-8000-000000000003}"
EndProject
Project("{9A19103F-16F7-4668-BE54-9A1E7A4F7556}") = "FX.Service", "src\FX.Service\FX.Service.csproj", "{C1B2C3D4-0004-4000-8000-000000000004}"
EndProject
Project("{9A19103F-16F7-4668-BE54-9A1E7A4F7556}") = "Ledger.Service", "src\Ledger.Service\Ledger.Service.csproj", "{C1B2C3D4-0005-4000-8000-000000000005}"
EndProject
Project("{9A19103F-16F7-4668-BE54-9A1E7A4F7556}") = "Reconciliation.Worker", "src\Reconciliation.Worker\Reconciliation.Worker.csproj", "{C1B2C3D4-0006-4000-8000-000000000006}"
EndProject
Project("{9A19103F-16F7-4668-BE54-9A1E7A4F7556}") = "Treasury.Worker", "src\Treasury.Worker\Treasury.Worker.csproj", "{C1B2C3D4-0007-4000-8000-000000000007}"
EndProject
Project("{9A19103F-16F7-4668-BE54-9A1E7A4F7556}") = "UnitTests", "tests\UnitTests\UnitTests.csproj", "{D1B2C3D4-0001-4000-8000-000000000001}"
EndProject
Project("{9A19103F-16F7-4668-BE54-9A1E7A4F7556}") = "IntegrationTests", "tests\IntegrationTests\IntegrationTests.csproj", "{D1B2C3D4-0002-4000-8000-000000000002}"
EndProject
Project("{2150E333-8FDC-42A3-9474-1A3956D46DE8}") = "tests", "tests", "{A1B2C3D4-0004-4000-8000-000000000004}"
EndProject
Global
	GlobalSection(SolutionConfigurationPlatforms) = preSolution
		Debug|Any CPU = Debug|Any CPU
		Release|Any CPU = Release|Any CPU
	EndGlobalSection
	GlobalSection(ProjectConfigurationPlatforms) = postSolution
		{B1B2C3D4-0001-4000-8000-000000000001}.Debug|Any CPU = Debug|Any CPU
		{B1B2C3D4-0001-4000-8000-000000000001}.Release|Any CPU = Release|Any CPU
		{B1B2C3D4-0002-4000-8000-000000000002}.Debug|Any CPU = Debug|Any CPU
		{B1B2C3D4-0002-4000-8000-000000000002}.Release|Any CPU = Release|Any CPU
		{B1B2C3D4-0003-4000-8000-000000000003}.Debug|Any CPU = Debug|Any CPU
		{B1B2C3D4-0003-4000-8000-000000000003}.Release|Any CPU = Release|Any CPU
		{B1B2C3D4-0004-4000-8000-000000000004}.Debug|Any CPU = Debug|Any CPU
		{B1B2C3D4-0004-4000-8000-000000000004}.Release|Any CPU = Release|Any CPU
		{C1B2C3D4-0001-4000-8000-000000000001}.Debug|Any CPU = Debug|Any CPU
		{C1B2C3D4-0001-4000-8000-000000000001}.Release|Any CPU = Release|Any CPU
		{C1B2C3D4-0002-4000-8000-000000000002}.Debug|Any CPU = Debug|Any CPU
		{C1B2C3D4-0002-4000-8000-000000000002}.Release|Any CPU = Release|Any CPU
		{C1B2C3D4-0003-4000-8000-000000000003}.Debug|Any CPU = Debug|Any CPU
		{C1B2C3D4-0003-4000-8000-000000000003}.Release|Any CPU = Release|Any CPU
		{C1B2C3D4-0004-4000-8000-000000000004}.Debug|Any CPU = Debug|Any CPU
		{C1B2C3D4-0004-4000-8000-000000000004}.Release|Any CPU = Release|Any CPU
		{C1B2C3D4-0005-4000-8000-000000000005}.Debug|Any CPU = Debug|Any CPU
		{C1B2C3D4-0005-4000-8000-000000000005}.Release|Any CPU = Release|Any CPU
		{C1B2C3D4-0006-4000-8000-000000000006}.Debug|Any CPU = Debug|Any CPU
		{C1B2C3D4-0006-4000-8000-000000000006}.Release|Any CPU = Release|Any CPU
		{C1B2C3D4-0007-4000-8000-000000000007}.Debug|Any CPU = Debug|Any CPU
		{C1B2C3D4-0007-4000-8000-000000000007}.Release|Any CPU = Release|Any CPU
		{D1B2C3D4-0001-4000-8000-000000000001}.Debug|Any CPU = Debug|Any CPU
		{D1B2C3D4-0001-4000-8000-000000000001}.Release|Any CPU = Release|Any CPU
		{D1B2C3D4-0002-4000-8000-000000000002}.Debug|Any CPU = Debug|Any CPU
		{D1B2C3D4-0002-4000-8000-000000000002}.Release|Any CPU = Release|Any CPU
	EndGlobalSection
	GlobalSection(SolutionProperties) = preSolution
		HideSolutionNode = FALSE
	EndGlobalSection
	GlobalSection(NestedProjects) = preSolution
		{B1B2C3D4-0001-4000-8000-000000000001} = {A1B2C3D4-0001-4000-8000-000000000001}
		{B1B2C3D4-0002-4000-8000-000000000002} = {A1B2C3D4-0001-4000-8000-000000000001}
		{B1B2C3D4-0003-4000-8000-000000000003} = {A1B2C3D4-0001-4000-8000-000000000001}
		{B1B2C3D4-0004-4000-8000-000000000004} = {A1B2C3D4-0001-4000-8000-000000000001}
		{C1B2C3D4-0001-4000-8000-000000000001} = {A1B2C3D4-0002-4000-8000-000000000002}
		{C1B2C3D4-0002-4000-8000-000000000002} = {A1B2C3D4-0002-4000-8000-000000000002}
		{C1B2C3D4-0003-4000-8000-000000000003} = {A1B2C3D4-0002-4000-8000-000000000002}
		{C1B2C3D4-0004-4000-8000-000000000004} = {A1B2C3D4-0002-4000-8000-000000000002}
		{C1B2C3D4-0005-4000-8000-000000000005} = {A1B2C3D4-0002-4000-8000-000000000002}
		{C1B2C3D4-0006-4000-8000-000000000006} = {A1B2C3D4-0003-4000-8000-000000000003}
		{C1B2C3D4-0007-4000-8000-000000000007} = {A1B2C3D4-0003-4000-8000-000000000003}
		{D1B2C3D4-0001-4000-8000-000000000001} = {A1B2C3D4-0004-4000-8000-000000000004}
		{D1B2C3D4-0002-4000-8000-000000000002} = {A1B2C3D4-0004-4000-8000-000000000004}
	EndGlobalSection
EndGlobal
